<?xml version="1.0" encoding="utf-8"?>
<Project ToolsVersion="4.0" xmlns="http://schemas.microsoft.com/developer/msbuild/2003">
  <ItemGroup>
    <ClCompile Include="Ftp.cpp">
      <Filter>Source Files</Filter>
    </ClCompile>
    <ClCompile Include="Http.cpp">
      <Filter>Source Files</Filter>
    </ClCompile>
    <ClCompile Include="IpAddress.cpp">
      <Filter>Source Files</Filter>
    </ClCompile>
    <ClCompile Include="Packet.cpp">
      <Filter>Source Files</Filter>
    </ClCompile>
    <ClCompile Include="Socket.cpp">
      <Filter>Source Files</Filter>
    </ClCompile>
    <ClCompile Include="SocketSelector.cpp">
      <Filter>Source Files</Filter>
    </ClCompile>
    <ClCompile Include="TcpListener.cpp">
      <Filter>Source Files</Filter>
    </ClCompile>
    <ClCompile Include="TcpSocket.cpp">
      <Filter>Source Files</Filter>
    </ClCompile>
    <ClCompile Include="UdpSocket.cpp">
      <Filter>Source Files</Filter>
    </ClCompile>
    <ClCompile Include="Win32\SocketImpl.cpp">
      <Filter>Source Files</Filter>
    </ClCompile>
  </ItemGroup>
  <ItemGroup>
    <ClInclude Include="..\..\..\include\SFML\Network\Export.hpp">
      <Filter>Header Files</Filter>
    </ClInclude>
    <ClInclude Include="..\..\..\include\SFML\Network\Ftp.hpp">
      <Filter>Header Files</Filter>
    </ClInclude>
    <ClInclude Include="..\..\..\include\SFML\Network\Http.hpp">
      <Filter>Header Files</Filter>
    </ClInclude>
    <ClInclude Include="..\..\..\include\SFML\Network\IpAddress.hpp">
      <Filter>Header Files</Filter>
    </ClInclude>
    <ClInclude Include="..\..\..\include\SFML\Network\Packet.hpp">
      <Filter>Header Files</Filter>
    </ClInclude>
    <ClInclude Include="..\..\..\include\SFML\Network\Socket.hpp">
      <Filter>Header Files</Filter>
    </ClInclude>
    <ClInclude Include="SocketImpl.hpp">
      <Filter>Header Files</Filter>
    </ClInclude>
    <ClInclude Include="..\..\..\include\SFML\Network\SocketHandle.hpp">
      <Filter>Header Files</Filter>
    </ClInclude>
    <ClInclude Include="..\..\..\include\SFML\Network\SocketSelector.hpp">
      <Filter>Header Files</Filter>
    </ClInclude>
    <ClInclude Include="..\..\..\include\SFML\Network\TcpListener.hpp">
      <Filter>Header Files</Filter>
    </ClInclude>
    <ClInclude Include="..\..\..\include\SFML\Network\TcpSocket.hpp">
      <Filter>Header Files</Filter>
    </ClInclude>
    <ClInclude Include="..\..\..\include\SFML\Network\UdpSocket.hpp">
      <Filter>Header Files</Filter>
    </ClInclude>
    <ClInclude Include="Win32\SocketImpl.hpp">
      <Filter>Header Files</Filter>
    </ClInclude>
  </ItemGroup>
  <ItemGroup>
    <CustomBuild Include="CMakeLists.txt" />
  </ItemGroup>
  <ItemGroup>
    <Filter Include="Source Files">
      <UniqueIdentifier>{872E43CD-FD4A-4C50-9BD0-C15CA8178579}</UniqueIdentifier>
    </Filter>
    <Filter Include="Header Files">
      <UniqueIdentifier>{73D7D7E7-508C-416E-8D4A-2DA93DF71A5B}</UniqueIdentifier>
    </Filter>
  </ItemGroup>
</Project>
