<?xml version="1.0" encoding="utf-8"?>
<Project ToolsVersion="4.0" xmlns="http://schemas.microsoft.com/developer/msbuild/2003">
  <ItemGroup>
    <ClInclude Include="Constants.h" />
    <ClInclude Include="Convert.h" />
    <ClInclude Include="DLL_DEF.h" />
    <ClInclude Include="Error.h" />
    <ClInclude Include="File.h" />
    <ClInclude Include="Numeric.h" />
    <ClInclude Include="Precomp.h" />
    <ClInclude Include="String.h" />
    <ClInclude Include="Tools.h" />
    <ClInclude Include="LimitedValue.h" />
    <ClInclude Include="..\foreign\TinyXML++\src\ticpp.h">
      <Filter>TinyXML++</Filter>
    </ClInclude>
    <ClInclude Include="..\foreign\TinyXML++\src\ticppapi.h">
      <Filter>TinyXML++</Filter>
    </ClInclude>
    <ClInclude Include="..\foreign\TinyXML++\src\ticpprc.h">
      <Filter>TinyXML++</Filter>
    </ClInclude>
    <ClInclude Include="..\foreign\TinyXML++\src\tinystr.h">
      <Filter>TinyXML++</Filter>
    </ClInclude>
    <ClInclude Include="XML.h" />
    <ClInclude Include="Parser.h" />
  </ItemGroup>
  <ItemGroup>
    <ClCompile Include="Convert.cpp" />
    <ClCompile Include="Error.cpp" />
    <ClCompile Include="File.cpp" />
    <ClCompile Include="Numeric.cpp" />
    <ClCompile Include="Precomp.cpp" />
    <ClCompile Include="String.cpp" />
    <ClCompile Include="..\foreign\TinyXML++\src\ticpp.cpp">
      <Filter>TinyXML++</Filter>
    </ClCompile>
    <ClCompile Include="..\foreign\TinyXML++\src\tinystr.cpp">
      <Filter>TinyXML++</Filter>
    </ClCompile>
    <ClCompile Include="..\foreign\TinyXML++\src\tinyxmlerror.cpp">
      <Filter>TinyXML++</Filter>
    </ClCompile>
    <ClCompile Include="XML.cpp" />
    <ClCompile Include="Parser.cpp" />
  </ItemGroup>
  <ItemGroup>
    <Filter Include="TinyXML++">
      <UniqueIdentifier>{ce42da42-f497-40aa-bb7f-3b6527c60106}</UniqueIdentifier>
    </Filter>
  </ItemGroup>
</Project>