Microsoft Visual Studio Solution File, Format Version 12.00
# Visual Studio 11
Project("{8BC9CEB8-8B4A-11D0-8D11-00A0C91BC942}") = "ALL_BUILD", "ALL_BUILD.vcxproj", "{606AF64F-5ED2-43F8-BE4D-673566E12BC7}"
	ProjectSection(ProjectDependencies) = postProject
		{3153CC78-60D3-465B-9AA8-84A4C3AAEE8D} = {3153CC78-60D3-465B-9AA8-84A4C3AAEE8D}
		{4B093FBE-3067-47FC-95DA-D54A2AA871F2} = {4B093FBE-3067-47FC-95DA-D54A2AA871F2}
		{F5AE7856-E3F3-49F4-A8CE-0BDB3A4E25E3} = {F5AE7856-E3F3-49F4-A8CE-0BDB3A4E25E3}
		{BDC28BFE-F2FA-43E5-AF73-0146F2832849} = {BDC28BFE-F2FA-43E5-AF73-0146F2832849}
		{179521E1-E5BD-4553-9114-73CE31E75A4E} = {179521E1-E5BD-4553-9114-73CE31E75A4E}
		{D2E906CE-EC2B-44AB-AEC8-1E86EB673AFC} = {D2E906CE-EC2B-44AB-AEC8-1E86EB673AFC}
		{8B990946-0083-44F0-A47D-A73D400FE6A3} = {8B990946-0083-44F0-A47D-A73D400FE6A3}
	EndProjectSection
EndProject
Project("{8BC9CEB8-8B4A-11D0-8D11-00A0C91BC942}") = "INSTALL", "INSTALL.vcxproj", "{B953E582-84D5-4799-B920-8269BC3A26A2}"
	ProjectSection(ProjectDependencies) = postProject
		{606AF64F-5ED2-43F8-BE4D-673566E12BC7} = {606AF64F-5ED2-43F8-BE4D-673566E12BC7}
	EndProjectSection
EndProject
Project("{8BC9CEB8-8B4A-11D0-8D11-00A0C91BC942}") = "ZERO_CHECK", "ZERO_CHECK.vcxproj", "{3153CC78-60D3-465B-9AA8-84A4C3AAEE8D}"
	ProjectSection(ProjectDependencies) = postProject
	EndProjectSection
EndProject
Project("{8BC9CEB8-8B4A-11D0-8D11-00A0C91BC942}") = "sfml-audio", "src\SFML\Audio\sfml-audio.vcxproj", "{4B093FBE-3067-47FC-95DA-D54A2AA871F2}"
	ProjectSection(ProjectDependencies) = postProject
		{3153CC78-60D3-465B-9AA8-84A4C3AAEE8D} = {3153CC78-60D3-465B-9AA8-84A4C3AAEE8D}
		{D2E906CE-EC2B-44AB-AEC8-1E86EB673AFC} = {D2E906CE-EC2B-44AB-AEC8-1E86EB673AFC}
	EndProjectSection
EndProject
Project("{8BC9CEB8-8B4A-11D0-8D11-00A0C91BC942}") = "sfml-graphics", "src\SFML\Graphics\sfml-graphics.vcxproj", "{F5AE7856-E3F3-49F4-A8CE-0BDB3A4E25E3}"
	ProjectSection(ProjectDependencies) = postProject
		{3153CC78-60D3-465B-9AA8-84A4C3AAEE8D} = {3153CC78-60D3-465B-9AA8-84A4C3AAEE8D}
		{D2E906CE-EC2B-44AB-AEC8-1E86EB673AFC} = {D2E906CE-EC2B-44AB-AEC8-1E86EB673AFC}
		{8B990946-0083-44F0-A47D-A73D400FE6A3} = {8B990946-0083-44F0-A47D-A73D400FE6A3}
	EndProjectSection
EndProject
Project("{8BC9CEB8-8B4A-11D0-8D11-00A0C91BC942}") = "sfml-main", "src\SFML\Main\sfml-main.vcxproj", "{BDC28BFE-F2FA-43E5-AF73-0146F2832849}"
	ProjectSection(ProjectDependencies) = postProject
		{3153CC78-60D3-465B-9AA8-84A4C3AAEE8D} = {3153CC78-60D3-465B-9AA8-84A4C3AAEE8D}
	EndProjectSection
EndProject
Project("{8BC9CEB8-8B4A-11D0-8D11-00A0C91BC942}") = "sfml-network", "src\SFML\Network\sfml-network.vcxproj", "{179521E1-E5BD-4553-9114-73CE31E75A4E}"
	ProjectSection(ProjectDependencies) = postProject
		{3153CC78-60D3-465B-9AA8-84A4C3AAEE8D} = {3153CC78-60D3-465B-9AA8-84A4C3AAEE8D}
		{D2E906CE-EC2B-44AB-AEC8-1E86EB673AFC} = {D2E906CE-EC2B-44AB-AEC8-1E86EB673AFC}
	EndProjectSection
EndProject
Project("{8BC9CEB8-8B4A-11D0-8D11-00A0C91BC942}") = "sfml-system", "src\SFML\System\sfml-system.vcxproj", "{D2E906CE-EC2B-44AB-AEC8-1E86EB673AFC}"
	ProjectSection(ProjectDependencies) = postProject
		{3153CC78-60D3-465B-9AA8-84A4C3AAEE8D} = {3153CC78-60D3-465B-9AA8-84A4C3AAEE8D}
	EndProjectSection
EndProject
Project("{8BC9CEB8-8B4A-11D0-8D11-00A0C91BC942}") = "sfml-window", "src\SFML\Window\sfml-window.vcxproj", "{8B990946-0083-44F0-A47D-A73D400FE6A3}"
	ProjectSection(ProjectDependencies) = postProject
		{3153CC78-60D3-465B-9AA8-84A4C3AAEE8D} = {3153CC78-60D3-465B-9AA8-84A4C3AAEE8D}
		{D2E906CE-EC2B-44AB-AEC8-1E86EB673AFC} = {D2E906CE-EC2B-44AB-AEC8-1E86EB673AFC}
	EndProjectSection
EndProject
Global
	GlobalSection(SolutionConfigurationPlatforms) = preSolution
		Debug|Win32 = Debug|Win32
		Release|Win32 = Release|Win32
		MinSizeRel|Win32 = MinSizeRel|Win32
		RelWithDebInfo|Win32 = RelWithDebInfo|Win32
	EndGlobalSection
	GlobalSection(ProjectConfigurationPlatforms) = postSolution
		{606AF64F-5ED2-43F8-BE4D-673566E12BC7}.Debug|Win32.ActiveCfg = Debug|Win32
		{606AF64F-5ED2-43F8-BE4D-673566E12BC7}.Debug|Win32.Build.0 = Debug|Win32
		{606AF64F-5ED2-43F8-BE4D-673566E12BC7}.Release|Win32.ActiveCfg = Release|Win32
		{606AF64F-5ED2-43F8-BE4D-673566E12BC7}.Release|Win32.Build.0 = Release|Win32
		{606AF64F-5ED2-43F8-BE4D-673566E12BC7}.MinSizeRel|Win32.ActiveCfg = MinSizeRel|Win32
		{606AF64F-5ED2-43F8-BE4D-673566E12BC7}.MinSizeRel|Win32.Build.0 = MinSizeRel|Win32
		{606AF64F-5ED2-43F8-BE4D-673566E12BC7}.RelWithDebInfo|Win32.ActiveCfg = RelWithDebInfo|Win32
		{606AF64F-5ED2-43F8-BE4D-673566E12BC7}.RelWithDebInfo|Win32.Build.0 = RelWithDebInfo|Win32
		{B953E582-84D5-4799-B920-8269BC3A26A2}.Debug|Win32.ActiveCfg = Debug|Win32
		{B953E582-84D5-4799-B920-8269BC3A26A2}.Release|Win32.ActiveCfg = Release|Win32
		{B953E582-84D5-4799-B920-8269BC3A26A2}.MinSizeRel|Win32.ActiveCfg = MinSizeRel|Win32
		{B953E582-84D5-4799-B920-8269BC3A26A2}.RelWithDebInfo|Win32.ActiveCfg = RelWithDebInfo|Win32
		{3153CC78-60D3-465B-9AA8-84A4C3AAEE8D}.Debug|Win32.ActiveCfg = Debug|Win32
		{3153CC78-60D3-465B-9AA8-84A4C3AAEE8D}.Debug|Win32.Build.0 = Debug|Win32
		{3153CC78-60D3-465B-9AA8-84A4C3AAEE8D}.Release|Win32.ActiveCfg = Release|Win32
		{3153CC78-60D3-465B-9AA8-84A4C3AAEE8D}.Release|Win32.Build.0 = Release|Win32
		{3153CC78-60D3-465B-9AA8-84A4C3AAEE8D}.MinSizeRel|Win32.ActiveCfg = MinSizeRel|Win32
		{3153CC78-60D3-465B-9AA8-84A4C3AAEE8D}.MinSizeRel|Win32.Build.0 = MinSizeRel|Win32
		{3153CC78-60D3-465B-9AA8-84A4C3AAEE8D}.RelWithDebInfo|Win32.ActiveCfg = RelWithDebInfo|Win32
		{3153CC78-60D3-465B-9AA8-84A4C3AAEE8D}.RelWithDebInfo|Win32.Build.0 = RelWithDebInfo|Win32
		{4B093FBE-3067-47FC-95DA-D54A2AA871F2}.Debug|Win32.ActiveCfg = Debug|Win32
		{4B093FBE-3067-47FC-95DA-D54A2AA871F2}.Debug|Win32.Build.0 = Debug|Win32
		{4B093FBE-3067-47FC-95DA-D54A2AA871F2}.Release|Win32.ActiveCfg = Release|Win32
		{4B093FBE-3067-47FC-95DA-D54A2AA871F2}.Release|Win32.Build.0 = Release|Win32
		{4B093FBE-3067-47FC-95DA-D54A2AA871F2}.MinSizeRel|Win32.ActiveCfg = MinSizeRel|Win32
		{4B093FBE-3067-47FC-95DA-D54A2AA871F2}.MinSizeRel|Win32.Build.0 = MinSizeRel|Win32
		{4B093FBE-3067-47FC-95DA-D54A2AA871F2}.RelWithDebInfo|Win32.ActiveCfg = RelWithDebInfo|Win32
		{4B093FBE-3067-47FC-95DA-D54A2AA871F2}.RelWithDebInfo|Win32.Build.0 = RelWithDebInfo|Win32
		{F5AE7856-E3F3-49F4-A8CE-0BDB3A4E25E3}.Debug|Win32.ActiveCfg = Debug|Win32
		{F5AE7856-E3F3-49F4-A8CE-0BDB3A4E25E3}.Debug|Win32.Build.0 = Debug|Win32
		{F5AE7856-E3F3-49F4-A8CE-0BDB3A4E25E3}.Release|Win32.ActiveCfg = Release|Win32
		{F5AE7856-E3F3-49F4-A8CE-0BDB3A4E25E3}.Release|Win32.Build.0 = Release|Win32
		{F5AE7856-E3F3-49F4-A8CE-0BDB3A4E25E3}.MinSizeRel|Win32.ActiveCfg = MinSizeRel|Win32
		{F5AE7856-E3F3-49F4-A8CE-0BDB3A4E25E3}.MinSizeRel|Win32.Build.0 = MinSizeRel|Win32
		{F5AE7856-E3F3-49F4-A8CE-0BDB3A4E25E3}.RelWithDebInfo|Win32.ActiveCfg = RelWithDebInfo|Win32
		{F5AE7856-E3F3-49F4-A8CE-0BDB3A4E25E3}.RelWithDebInfo|Win32.Build.0 = RelWithDebInfo|Win32
		{BDC28BFE-F2FA-43E5-AF73-0146F2832849}.Debug|Win32.ActiveCfg = Debug|Win32
		{BDC28BFE-F2FA-43E5-AF73-0146F2832849}.Debug|Win32.Build.0 = Debug|Win32
		{BDC28BFE-F2FA-43E5-AF73-0146F2832849}.Release|Win32.ActiveCfg = Release|Win32
		{BDC28BFE-F2FA-43E5-AF73-0146F2832849}.Release|Win32.Build.0 = Release|Win32
		{BDC28BFE-F2FA-43E5-AF73-0146F2832849}.MinSizeRel|Win32.ActiveCfg = MinSizeRel|Win32
		{BDC28BFE-F2FA-43E5-AF73-0146F2832849}.MinSizeRel|Win32.Build.0 = MinSizeRel|Win32
		{BDC28BFE-F2FA-43E5-AF73-0146F2832849}.RelWithDebInfo|Win32.ActiveCfg = RelWithDebInfo|Win32
		{BDC28BFE-F2FA-43E5-AF73-0146F2832849}.RelWithDebInfo|Win32.Build.0 = RelWithDebInfo|Win32
		{179521E1-E5BD-4553-9114-73CE31E75A4E}.Debug|Win32.ActiveCfg = Debug|Win32
		{179521E1-E5BD-4553-9114-73CE31E75A4E}.Debug|Win32.Build.0 = Debug|Win32
		{179521E1-E5BD-4553-9114-73CE31E75A4E}.Release|Win32.ActiveCfg = Release|Win32
		{179521E1-E5BD-4553-9114-73CE31E75A4E}.Release|Win32.Build.0 = Release|Win32
		{179521E1-E5BD-4553-9114-73CE31E75A4E}.MinSizeRel|Win32.ActiveCfg = MinSizeRel|Win32
		{179521E1-E5BD-4553-9114-73CE31E75A4E}.MinSizeRel|Win32.Build.0 = MinSizeRel|Win32
		{179521E1-E5BD-4553-9114-73CE31E75A4E}.RelWithDebInfo|Win32.ActiveCfg = RelWithDebInfo|Win32
		{179521E1-E5BD-4553-9114-73CE31E75A4E}.RelWithDebInfo|Win32.Build.0 = RelWithDebInfo|Win32
		{D2E906CE-EC2B-44AB-AEC8-1E86EB673AFC}.Debug|Win32.ActiveCfg = Debug|Win32
		{D2E906CE-EC2B-44AB-AEC8-1E86EB673AFC}.Debug|Win32.Build.0 = Debug|Win32
		{D2E906CE-EC2B-44AB-AEC8-1E86EB673AFC}.Release|Win32.ActiveCfg = Release|Win32
		{D2E906CE-EC2B-44AB-AEC8-1E86EB673AFC}.Release|Win32.Build.0 = Release|Win32
		{D2E906CE-EC2B-44AB-AEC8-1E86EB673AFC}.MinSizeRel|Win32.ActiveCfg = MinSizeRel|Win32
		{D2E906CE-EC2B-44AB-AEC8-1E86EB673AFC}.MinSizeRel|Win32.Build.0 = MinSizeRel|Win32
		{D2E906CE-EC2B-44AB-AEC8-1E86EB673AFC}.RelWithDebInfo|Win32.ActiveCfg = RelWithDebInfo|Win32
		{D2E906CE-EC2B-44AB-AEC8-1E86EB673AFC}.RelWithDebInfo|Win32.Build.0 = RelWithDebInfo|Win32
		{8B990946-0083-44F0-A47D-A73D400FE6A3}.Debug|Win32.ActiveCfg = Debug|Win32
		{8B990946-0083-44F0-A47D-A73D400FE6A3}.Debug|Win32.Build.0 = Debug|Win32
		{8B990946-0083-44F0-A47D-A73D400FE6A3}.Release|Win32.ActiveCfg = Release|Win32
		{8B990946-0083-44F0-A47D-A73D400FE6A3}.Release|Win32.Build.0 = Release|Win32
		{8B990946-0083-44F0-A47D-A73D400FE6A3}.MinSizeRel|Win32.ActiveCfg = MinSizeRel|Win32
		{8B990946-0083-44F0-A47D-A73D400FE6A3}.MinSizeRel|Win32.Build.0 = MinSizeRel|Win32
		{8B990946-0083-44F0-A47D-A73D400FE6A3}.RelWithDebInfo|Win32.ActiveCfg = RelWithDebInfo|Win32
		{8B990946-0083-44F0-A47D-A73D400FE6A3}.RelWithDebInfo|Win32.Build.0 = RelWithDebInfo|Win32
	EndGlobalSection
	GlobalSection(ExtensibilityGlobals) = postSolution
	EndGlobalSection
	GlobalSection(ExtensibilityAddIns) = postSolution
	EndGlobalSection
EndGlobal
